
Microsoft Visual Studio Solution File, Format Version 12.00
# Visual Studio Version 17
VisualStudioVersion = 17.14.36414.22
MinimumVisualStudioVersion = 10.0.40219.1
Project("{FAE04EC0-301F-11D3-BF4B-00C04F79EFBC}") = "OrderService", "OrderService\OrderService.csproj", "{B17AF1E3-A94C-4120-8557-F8ECC4CF937D}"
EndProject
Project("{FAE04EC0-301F-11D3-BF4B-00C04F79EFBC}") = "ProductService", "ProductService\ProductService.csproj", "{52E7BEBB-D16D-47E3-85E2-8BBFB6920D4E}"
EndProject
Project("{FAE04EC0-301F-11D3-BF4B-00C04F79EFBC}") = "InventoryService", "InventoryService\InventoryService.csproj", "{C5C9C06E-C4A6-4E7E-9293-E4E0E4B3D1A3}"
EndProject
Project("{FAE04EC0-301F-11D3-BF4B-00C04F79EFBC}") = "PaymentService", "PaymentService\PaymentService.csproj", "{ED6E2C23-40E3-45CD-819D-5EE86932CF9F}"
EndProject
Project("{FAE04EC0-301F-11D3-BF4B-00C04F79EFBC}") = "NotificationService", "NotificationService\NotificationService.csproj", "{9F06B2E4-BC1B-45AE-8A66-8E957A52AE10}"
EndProject
Project("{FAE04EC0-301F-11D3-BF4B-00C04F79EFBC}") = "ApiGatawey", "ApiGatawey\ApiGatawey.csproj", "{11317D5E-9076-4AE5-8BF4-9B3CBC11897D}"
EndProject
Global
	GlobalSection(SolutionConfigurationPlatforms) = preSolution
		Debug|Any CPU = Debug|Any CPU
		Release|Any CPU = Release|Any CPU
	EndGlobalSection
	GlobalSection(ProjectConfigurationPlatforms) = postSolution
		{B17AF1E3-A94C-4120-8557-F8ECC4CF937D}.Debug|Any CPU.ActiveCfg = Debug|Any CPU
		{B17AF1E3-A94C-4120-8557-F8ECC4CF937D}.Debug|Any CPU.Build.0 = Debug|Any CPU
		{B17AF1E3-A94C-4120-8557-F8ECC4CF937D}.Release|Any CPU.ActiveCfg = Release|Any CPU
		{B17AF1E3-A94C-4120-8557-F8ECC4CF937D}.Release|Any CPU.Build.0 = Release|Any CPU
		{52E7BEBB-D16D-47E3-85E2-8BBFB6920D4E}.Debug|Any CPU.ActiveCfg = Debug|Any CPU
		{52E7BEBB-D16D-47E3-85E2-8BBFB6920D4E}.Debug|Any CPU.Build.0 = Debug|Any CPU
		{52E7BEBB-D16D-47E3-85E2-8BBFB6920D4E}.Release|Any CPU.ActiveCfg = Release|Any CPU
		{52E7BEBB-D16D-47E3-85E2-8BBFB6920D4E}.Release|Any CPU.Build.0 = Release|Any CPU
		{C5C9C06E-C4A6-4E7E-9293-E4E0E4B3D1A3}.Debug|Any CPU.ActiveCfg = Debug|Any CPU
		{C5C9C06E-C4A6-4E7E-9293-E4E0E4B3D1A3}.Debug|Any CPU.Build.0 = Debug|Any CPU
		{C5C9C06E-C4A6-4E7E-9293-E4E0E4B3D1A3}.Release|Any CPU.ActiveCfg = Release|Any CPU
		{C5C9C06E-C4A6-4E7E-9293-E4E0E4B3D1A3}.Release|Any CPU.Build.0 = Release|Any CPU
		{ED6E2C23-40E3-45CD-819D-5EE86932CF9F}.Debug|Any CPU.ActiveCfg = Debug|Any CPU
		{ED6E2C23-40E3-45CD-819D-5EE86932CF9F}.Debug|Any CPU.Build.0 = Debug|Any CPU
		{ED6E2C23-40E3-45CD-819D-5EE86932CF9F}.Release|Any CPU.ActiveCfg = Release|Any CPU
		{ED6E2C23-40E3-45CD-819D-5EE86932CF9F}.Release|Any CPU.Build.0 = Release|Any CPU
		{9F06B2E4-BC1B-45AE-8A66-8E957A52AE10}.Debug|Any CPU.ActiveCfg = Debug|Any CPU
		{9F06B2E4-BC1B-45AE-8A66-8E957A52AE10}.Debug|Any CPU.Build.0 = Debug|Any CPU
		{9F06B2E4-BC1B-45AE-8A66-8E957A52AE10}.Release|Any CPU.ActiveCfg = Release|Any CPU
		{9F06B2E4-BC1B-45AE-8A66-8E957A52AE10}.Release|Any CPU.Build.0 = Release|Any CPU
		{11317D5E-9076-4AE5-8BF4-9B3CBC11897D}.Debug|Any CPU.ActiveCfg = Debug|Any CPU
		{11317D5E-9076-4AE5-8BF4-9B3CBC11897D}.Debug|Any CPU.Build.0 = Debug|Any CPU
		{11317D5E-9076-4AE5-8BF4-9B3CBC11897D}.Release|Any CPU.ActiveCfg = Release|Any CPU
		{11317D5E-9076-4AE5-8BF4-9B3CBC11897D}.Release|Any CPU.Build.0 = Release|Any CPU
	EndGlobalSection
	GlobalSection(SolutionProperties) = preSolution
		HideSolutionNode = FALSE
	EndGlobalSection
	GlobalSection(ExtensibilityGlobals) = postSolution
		SolutionGuid = {054C342A-D5B2-4E57-99DE-F91CD05AC287}
	EndGlobalSection
EndGlobal
